
Microsoft Visual Studio Solution File, Format Version 11.00
# Visual Studio 2010
Project("{FAE04EC0-301F-11D3-BF4B-00C04F79EFBC}") = "Scratch", "Assembly-CSharp-firstpass.csproj", "{6F1A3682-B7EE-EDF4-7F5E-F8F64FD749E8}"
EndProject
Project("{FAE04EC0-301F-11D3-BF4B-00C04F79EFBC}") = "Scratch", "Assembly-CSharp-Editor-firstpass.csproj", "{122EA350-FD0D-E4CC-2E46-162F240AAFC3}"
EndProject
Global
	GlobalSection(SolutionConfigurationPlatforms) = preSolution
		Debug|Any CPU = Debug|Any CPU
		Release|Any CPU = Release|Any CPU
	EndGlobalSection
	GlobalSection(ProjectConfigurationPlatforms) = postSolution
		{6F1A3682-B7EE-EDF4-7F5E-F8F64FD749E8}.Debug|Any CPU.ActiveCfg = Debug|Any CPU
		{6F1A3682-B7EE-EDF4-7F5E-F8F64FD749E8}.Debug|Any CPU.Build.0 = Debug|Any CPU
		{6F1A3682-B7EE-EDF4-7F5E-F8F64FD749E8}.Release|Any CPU.ActiveCfg = Release|Any CPU
		{6F1A3682-B7EE-EDF4-7F5E-F8F64FD749E8}.Release|Any CPU.Build.0 = Release|Any CPU
		{122EA350-FD0D-E4CC-2E46-162F240AAFC3}.Debug|Any CPU.ActiveCfg = Debug|Any CPU
		{122EA350-FD0D-E4CC-2E46-162F240AAFC3}.Debug|Any CPU.Build.0 = Debug|Any CPU
		{122EA350-FD0D-E4CC-2E46-162F240AAFC3}.Release|Any CPU.ActiveCfg = Release|Any CPU
		{122EA350-FD0D-E4CC-2E46-162F240AAFC3}.Release|Any CPU.Build.0 = Release|Any CPU
	EndGlobalSection
	GlobalSection(SolutionProperties) = preSolution
		HideSolutionNode = FALSE
	EndGlobalSection
	GlobalSection(MonoDevelopProperties) = preSolution
		StartupItem = Assembly-CSharp.csproj
	EndGlobalSection
EndGlobal
